
Microsoft Visual Studio Solution File, Format Version 12.00
# Visual Studio Version 16
VisualStudioVersion = 16.0.31702.278
MinimumVisualStudioVersion = 10.0.40219.1
Project("{00D1A9C2-B5F0-4AF3-8072-F6C62B433612}") = "Capstone", "Capstone.sqlproj", "{745FC5BA-233B-437D-8969-1AFE897A69C6}"
EndProject
Global
	GlobalSection(SolutionConfigurationPlatforms) = preSolution
		Debug|Any CPU = Debug|Any CPU
		Release|Any CPU = Release|Any CPU
	EndGlobalSection
	GlobalSection(ProjectConfigurationPlatforms) = postSolution
		{745FC5BA-233B-437D-8969-1AFE897A69C6}.Debug|Any CPU.ActiveCfg = Debug|Any CPU
		{745FC5BA-233B-437D-8969-1AFE897A69C6}.Debug|Any CPU.Build.0 = Debug|Any CPU
		{745FC5BA-233B-437D-8969-1AFE897A69C6}.Debug|Any CPU.Deploy.0 = Debug|Any CPU
		{745FC5BA-233B-437D-8969-1AFE897A69C6}.Release|Any CPU.ActiveCfg = Release|Any CPU
		{745FC5BA-233B-437D-8969-1AFE897A69C6}.Release|Any CPU.Build.0 = Release|Any CPU
		{745FC5BA-233B-437D-8969-1AFE897A69C6}.Release|Any CPU.Deploy.0 = Release|Any CPU
	EndGlobalSection
	GlobalSection(SolutionProperties) = preSolution
		HideSolutionNode = FALSE
	EndGlobalSection
	GlobalSection(ExtensibilityGlobals) = postSolution
		SolutionGuid = {7C630034-5C1E-46CB-9F47-9708A1821EBE}
	EndGlobalSection
EndGlobal
